<?xml version="1.0" encoding="utf-8"?>
<Project ToolsVersion="4.0" xmlns="http://schemas.microsoft.com/developer/msbuild/2003">
  <ItemGroup>
    <Filter Include="Libs">
      <UniqueIdentifier>{616a77bd-5bef-4d6d-9eca-543091ce041e}</UniqueIdentifier>
    </Filter>
    <Filter Include="Libs\BasicLib">
      <UniqueIdentifier>{bdc7ffea-b5be-415e-b282-a8e9e6dee316}</UniqueIdentifier>
    </Filter>
    <Filter Include="Libs\BasicLib\Headers">
      <UniqueIdentifier>{f5e352ff-bbc3-4c6f-ad84-503a3cd3bf6e}</UniqueIdentifier>
    </Filter>
    <Filter Include="Libs\BasicLib\Sources">
      <UniqueIdentifier>{9a046d17-844d-45fb-aa3a-70094f61190e}</UniqueIdentifier>
    </Filter>
    <Filter Include="Libs\StandardLib">
      <UniqueIdentifier>{d5f70c2d-2905-44ea-942b-caa3863eb6c6}</UniqueIdentifier>
    </Filter>
    <Filter Include="Libs\StandardLib\Components">
      <UniqueIdentifier>{e8f0d000-a313-443a-824f-3d6399a20180}</UniqueIdentifier>
    </Filter>
    <Filter Include="Libs\StandardLib\Components\Headers">
      <UniqueIdentifier>{45586e64-de81-49a9-a1c8-556ee2e1ffd4}</UniqueIdentifier>
    </Filter>
    <Filter Include="Libs\StandardLib\Components\Sources">
      <UniqueIdentifier>{6633ae1e-c7c5-4f84-a8ea-7e2a2d877d27}</UniqueIdentifier>
    </Filter>
    <Filter Include="Libs\StandardLib\Objects">
      <UniqueIdentifier>{56401874-20df-424a-a6ac-534eed4e6fc0}</UniqueIdentifier>
    </Filter>
    <Filter Include="Libs\StandardLib\Objects\Headers">
      <UniqueIdentifier>{81cda30a-07c1-42b4-822c-ebedfc3978ed}</UniqueIdentifier>
    </Filter>
    <Filter Include="Libs\StandardLib\Objects\Sources">
      <UniqueIdentifier>{578859e6-1994-40a8-8e89-33aea61d69a8}</UniqueIdentifier>
    </Filter>
    <Filter Include="Libs\StandardLib\Shaders">
      <UniqueIdentifier>{88bcc0ef-e470-456a-b536-fc989b8b6f02}</UniqueIdentifier>
    </Filter>
    <Filter Include="Shaders">
      <UniqueIdentifier>{6403bb8b-604f-467b-b20a-ea2eb530326b}</UniqueIdentifier>
    </Filter>
    <Filter Include="Scripts">
      <UniqueIdentifier>{9357705d-ec04-4d69-a309-70bdf0f22957}</UniqueIdentifier>
    </Filter>
    <Filter Include="Scripts\Headers">
      <UniqueIdentifier>{93995380-89BD-4b04-88EB-625FBE52EBFB}</UniqueIdentifier>
      <Extensions>h;hh;hpp;hxx;h++;hm;inl;inc;ipp;xsd</Extensions>
    </Filter>
    <Filter Include="Scripts\Headers\Bullet">
      <UniqueIdentifier>{f05ee6fa-cae5-4167-8df6-785171611ce2}</UniqueIdentifier>
    </Filter>
    <Filter Include="Scripts\Sources">
      <UniqueIdentifier>{42c831f3-7806-4539-bdc0-d97a54eda409}</UniqueIdentifier>
    </Filter>
    <Filter Include="Scripts\Sources\Bullet">
      <UniqueIdentifier>{fbb0f114-b3ef-474c-a7f1-95a34fc58433}</UniqueIdentifier>
    </Filter>
  </ItemGroup>
  <ItemGroup>
    <ClCompile Include="Common\Library\BasicLib\BaseDevice.cpp">
      <Filter>Libs\BasicLib\Sources</Filter>
    </ClCompile>
    <ClCompile Include="Common\Library\BasicLib\BaseHelper.cpp">
      <Filter>Libs\BasicLib\Sources</Filter>
    </ClCompile>
    <ClCompile Include="Common\Library\BasicLib\BaseTexture.cpp">
      <Filter>Libs\BasicLib\Sources</Filter>
    </ClCompile>
    <ClCompile Include="Common\Library\BasicLib\BlendState.cpp">
      <Filter>Libs\BasicLib\Sources</Filter>
    </ClCompile>
    <ClCompile Include="Common\Library\BasicLib\FrameResource.cpp">
      <Filter>Libs\BasicLib\Sources</Filter>
    </ClCompile>
    <ClCompile Include="Common\Library\BasicLib\Light.cpp">
      <Filter>Libs\BasicLib\Sources</Filter>
    </ClCompile>
    <ClCompile Include="Common\Library\BasicLib\MeshHelper.cpp">
      <Filter>Libs\BasicLib\Sources</Filter>
    </ClCompile>
    <ClCompile Include="Common\Library\BasicLib\PipelineState.cpp">
      <Filter>Libs\BasicLib\Sources</Filter>
    </ClCompile>
    <ClCompile Include="Common\Library\BasicLib\RootSignature.cpp">
      <Filter>Libs\BasicLib\Sources</Filter>
    </ClCompile>
    <ClCompile Include="Common\Library\BasicLib\UILayer.cpp">
      <Filter>Libs\BasicLib\Sources</Filter>
    </ClCompile>
    <ClCompile Include="Common\Library\BasicLib\VertexHelper.cpp">
      <Filter>Libs\BasicLib\Sources</Filter>
    </ClCompile>
    <ClCompile Include="Common\Library\BasicLib\BaseMesh.cpp">
      <Filter>Libs\BasicLib\Sources</Filter>
    </ClCompile>
    <ClCompile Include="Common\Library\BasicLib\PrimDevice.cpp">
      <Filter>Libs\BasicLib\Sources</Filter>
    </ClCompile>
    <ClCompile Include="Common\Library\StandardLib\Components\Transform.cpp">
      <Filter>Libs\StandardLib\Components\Sources</Filter>
    </ClCompile>
    <ClCompile Include="Common\Library\StandardLib\Objects\CollisionManager.cpp">
      <Filter>Libs\StandardLib\Objects\Sources</Filter>
    </ClCompile>
    <ClCompile Include="Common\Library\StandardLib\Objects\GameObject.cpp">
      <Filter>Libs\StandardLib\Objects\Sources</Filter>
    </ClCompile>
    <ClCompile Include="Common\Library\StandardLib\Objects\Stage.cpp">
      <Filter>Libs\StandardLib\Objects\Sources</Filter>
    </ClCompile>
    <ClCompile Include="Common\Library\StandardLib\Objects\Behavior.cpp">
      <Filter>Libs\StandardLib\Objects\Sources</Filter>
    </ClCompile>
    <ClCompile Include="Common\Library\StandardLib\Components\Gravity.cpp">
      <Filter>Libs\StandardLib\Components\Sources</Filter>
    </ClCompile>
    <ClCompile Include="Common\Library\StandardLib\Components\BcStaticDraw.cpp">
      <Filter>Libs\StandardLib\Components\Sources</Filter>
    </ClCompile>
    <ClCompile Include="Common\Library\StandardLib\Components\ShadowMap.cpp">
      <Filter>Libs\StandardLib\Components\Sources</Filter>
    </ClCompile>
    <ClCompile Include="Common\Library\StandardLib\Objects\Steering.cpp">
      <Filter>Libs\StandardLib\Objects\Sources</Filter>
    </ClCompile>
    <ClCompile Include="Common\Library\StandardLib\Objects\BehaviorSteering.cpp">
      <Filter>Libs\StandardLib\Objects\Sources</Filter>
    </ClCompile>
    <ClCompile Include="Common\Library\BasicLib\App.cpp">
      <Filter>Libs\BasicLib\Sources</Filter>
    </ClCompile>
    <ClCompile Include="Common\Library\BasicLib\BaseScene.cpp">
      <Filter>Libs\BasicLib\Sources</Filter>
    </ClCompile>
    <ClCompile Include="Common\Library\BasicLib\Camera.cpp">
      <Filter>Libs\BasicLib\Sources</Filter>
    </ClCompile>
    <ClCompile Include="Common\Library\BasicLib\IObject.cpp">
      <Filter>Libs\BasicLib\Sources</Filter>
    </ClCompile>
    <ClCompile Include="Common\Library\StandardLib\Components\Collision.cpp">
      <Filter>Libs\StandardLib\Components\Sources</Filter>
    </ClCompile>
    <ClCompile Include="Common\Library\StandardLib\Components\Component.cpp">
      <Filter>Libs\StandardLib\Components\Sources</Filter>
    </ClCompile>
    <ClCompile Include="Common\Library\StandardLib\Components\SpStaticDraw.cpp">
      <Filter>Libs\StandardLib\Components\Sources</Filter>
    </ClCompile>
    <ClCompile Include="Common\Library\StandardLib\Components\Health.cpp">
      <Filter>Libs\StandardLib\Components\Sources</Filter>
    </ClCompile>
    <ClCompile Include="Common\Library\StandardLib\Components\DamageDealer.cpp">
      <Filter>Libs\StandardLib\Components\Sources</Filter>
    </ClCompile>
    <ClCompile Include="Common\Library\StandardLib\Components\DamageEffect.cpp">
      <Filter>Libs\StandardLib\Components\Sources</Filter>
    </ClCompile>
    <ClCompile Include="Common\Library\StandardLib\Components\BombAimPreview.cpp">
      <Filter>Libs\StandardLib\Components\Sources</Filter>
    </ClCompile>
    <ClCompile Include="Common\Library\StandardLib\Components\Rigidbody.cpp">
      <Filter>Libs\StandardLib\Components\Sources</Filter>
    </ClCompile>
    <ClCompile Include="Common\Library\StandardLib\Components\ExplosionEffect.cpp">
      <Filter>Libs\StandardLib\Components\Sources</Filter>
    </ClCompile>
    <ClCompile Include="Common\Library\StandardLib\Components\BcBoneDraw.cpp">
      <Filter>Libs\StandardLib\Components\Sources</Filter>
    </ClCompile>
    <ClCompile Include="Common\Library\StandardLib\Components\InstancedStaticDraw.cpp">
      <Filter>Libs\StandardLib\Components\Sources</Filter>
    </ClCompile>
    <ClCompile Include="BombTuning.cpp">
      <Filter>Scripts\Sources\Bullet</Filter>
    </ClCompile>
    <ClCompile Include="Bullet.cpp">
      <Filter>Scripts\Sources\Bullet</Filter>
    </ClCompile>
    <ClCompile Include="BulletManager.cpp">
      <Filter>Scripts\Sources\Bullet</Filter>
    </ClCompile>
    <ClCompile Include="Character.cpp">
      <Filter>Scripts\Sources</Filter>
    </ClCompile>
    <ClCompile Include="EnemyBatchController.cpp">
      <Filter>Scripts\Sources</Filter>
    </ClCompile>
    <ClCompile Include="EnemyFactory.cpp">
      <Filter>Scripts\Sources</Filter>
    </ClCompile>
    <ClCompile Include="GameStage.cpp">
      <Filter>Scripts\Sources</Filter>
    </ClCompile>
    <ClCompile Include="GameStageEnvironment.cpp">
      <Filter>Scripts\Sources</Filter>
    </ClCompile>
    <ClCompile Include="Item.cpp">
      <Filter>Scripts\Sources</Filter>
    </ClCompile>
    <ClCompile Include="ItemFactory.cpp">
      <Filter>Scripts\Sources</Filter>
    </ClCompile>
    <ClCompile Include="MainCamera.cpp">
      <Filter>Scripts\Sources</Filter>
    </ClCompile>
    <ClCompile Include="Player.cpp">
      <Filter>Scripts\Sources</Filter>
    </ClCompile>
    <ClCompile Include="PlayerCombat.cpp">
      <Filter>Scripts\Sources</Filter>
    </ClCompile>
    <ClCompile Include="Scene.cpp">
      <Filter>Scripts\Sources</Filter>
    </ClCompile>
    <ClCompile Include="SeekObject.cpp">
      <Filter>Scripts\Sources</Filter>
    </ClCompile>
    <ClCompile Include="StageGroundResolver.cpp">
      <Filter>Scripts\Sources</Filter>
    </ClCompile>
    <ClCompile Include="StageObjectCatalog.cpp">
      <Filter>Scripts\Sources</Filter>
    </ClCompile>
    <ClCompile Include="stdafx.cpp">
      <Filter>Scripts\Sources</Filter>
    </ClCompile>
    <ClCompile Include="UIManager.cpp">
      <Filter>Scripts\Sources</Filter>
    </ClCompile>
    <ClCompile Include="WaveController.cpp">
      <Filter>Scripts\Sources</Filter>
    </ClCompile>
    <ClCompile Include="WinMain.cpp">
      <Filter>Scripts\Sources</Filter>
    </ClCompile>
    <ClCompile Include="WorldObjects.cpp">
      <Filter>Scripts\Sources</Filter>
    </ClCompile>
  </ItemGroup>
  <ItemGroup>
    <ClInclude Include="MainCamera.h">
      <Filter>Scripts\Headers</Filter>
    </ClInclude>
    <ClInclude Include="Player.h">
      <Filter>Scripts\Headers</Filter>
    </ClInclude>
    <ClInclude Include="Scene.h">
      <Filter>Scripts\Headers</Filter>
    </ClInclude>
    <ClInclude Include="StageObjectCatalog.h">
      <Filter>Scripts\Headers</Filter>
    </ClInclude>
    <ClInclude Include="StageGroundResolver.h">
      <Filter>Scripts\Headers</Filter>
    </ClInclude>
    <ClInclude Include="Project.h">
      <Filter>Scripts\Headers</Filter>
    </ClInclude>
    <ClInclude Include="ProjectUtil.h">
      <Filter>Scripts\Headers</Filter>
    </ClInclude>
    <ClInclude Include="Common\Library\BasicLib\BaseTexture.h">
      <Filter>Libs\BasicLib\Headers</Filter>
    </ClInclude>
    <ClInclude Include="Common\Library\BasicLib\BaseMesh.h">
      <Filter>Libs\BasicLib\Headers</Filter>
    </ClInclude>
    <ClInclude Include="Common\Library\BasicLib\BaseMath.h">
      <Filter>Libs\BasicLib\Headers</Filter>
    </ClInclude>
    <ClInclude Include="Common\Library\BasicLib\BaseHelper.h">
      <Filter>Libs\BasicLib\Headers</Filter>
    </ClInclude>
    <ClInclude Include="Common\Library\BasicLib\BaseCommon.h">
      <Filter>Libs\BasicLib\Headers</Filter>
    </ClInclude>
    <ClInclude Include="Common\Library\BasicLib\Light.h">
      <Filter>Libs\BasicLib\Headers</Filter>
    </ClInclude>
    <ClInclude Include="Common\Library\BasicLib\BaseScene.h">
      <Filter>Libs\BasicLib\Headers</Filter>
    </ClInclude>
    <ClInclude Include="Common\Library\BasicLib\VertexHelper.h">
      <Filter>Libs\BasicLib\Headers</Filter>
    </ClInclude>
    <ClInclude Include="Common\Library\BasicLib\FrameResource.h">
      <Filter>Libs\BasicLib\Headers</Filter>
    </ClInclude>
    <ClInclude Include="Common\Library\BasicLib\MeshHelper.h">
      <Filter>Libs\BasicLib\Headers</Filter>
    </ClInclude>
    <ClInclude Include="Common\Library\BasicLib\PipelineState.h">
      <Filter>Libs\BasicLib\Headers</Filter>
    </ClInclude>
    <ClInclude Include="Common\Library\BasicLib\RootSignature.h">
      <Filter>Libs\BasicLib\Headers</Filter>
    </ClInclude>
    <ClInclude Include="Common\Library\BasicLib\UILayer.h">
      <Filter>Libs\BasicLib\Headers</Filter>
    </ClInclude>
    <ClInclude Include="Common\Library\BasicLib\BlendState.h">
      <Filter>Libs\BasicLib\Headers</Filter>
    </ClInclude>
    <ClInclude Include="Common\Library\BasicLib\BasicInclude.h">
      <Filter>Libs\BasicLib\Headers</Filter>
    </ClInclude>
    <ClInclude Include="Common\Library\BasicLib\BaseDevice.h">
      <Filter>Libs\BasicLib\Headers</Filter>
    </ClInclude>
    <ClInclude Include="Common\Library\BasicLib\StepTimer.h">
      <Filter>Libs\BasicLib\Headers</Filter>
    </ClInclude>
    <ClInclude Include="Common\Library\BasicLib\PrimDevice.h">
      <Filter>Libs\BasicLib\Headers</Filter>
    </ClInclude>
    <ClInclude Include="Common\Library\BasicLib\InputDevice.h">
      <Filter>Libs\BasicLib\Headers</Filter>
    </ClInclude>
    <ClInclude Include="Common\Library\BasicLib\BaseMathInc.h">
      <Filter>Libs\BasicLib\Headers</Filter>
    </ClInclude>
    <ClInclude Include="Common\Library\BasicLib\targetver.h">
      <Filter>Libs\BasicLib\Headers</Filter>
    </ClInclude>
    <ClInclude Include="Common\Library\StandardLib\Components\Component.h">
      <Filter>Libs\StandardLib\Components\Headers</Filter>
    </ClInclude>
    <ClInclude Include="Common\Library\StandardLib\Components\Transform.h">
      <Filter>Libs\StandardLib\Components\Headers</Filter>
    </ClInclude>
    <ClInclude Include="Common\Library\StandardLib\Objects\Behavior.h">
      <Filter>Libs\StandardLib\Objects\Headers</Filter>
    </ClInclude>
    <ClInclude Include="Common\Library\StandardLib\Objects\Constants.h">
      <Filter>Libs\StandardLib\Objects\Headers</Filter>
    </ClInclude>
    <ClInclude Include="Common\Library\StandardLib\Objects\GameObject.h">
      <Filter>Libs\StandardLib\Objects\Headers</Filter>
    </ClInclude>
    <ClInclude Include="Common\Library\StandardLib\Objects\Stage.h">
      <Filter>Libs\StandardLib\Objects\Headers</Filter>
    </ClInclude>
    <ClInclude Include="Common\Library\StandardLib\StandardInclude.h">
      <Filter>Libs\StandardLib</Filter>
    </ClInclude>
    <ClInclude Include="Common\Library\BasicLib\IObject.h">
      <Filter>Libs\BasicLib\Headers</Filter>
    </ClInclude>
    <ClInclude Include="Common\Library\StandardLib\Components\Collision.h">
      <Filter>Libs\StandardLib\Components\Headers</Filter>
    </ClInclude>
    <ClInclude Include="Common\Library\BasicLib\Camera.h">
      <Filter>Libs\BasicLib\Headers</Filter>
    </ClInclude>
    <ClInclude Include="Common\Library\StandardLib\Objects\CollisionManager.h">
      <Filter>Libs\StandardLib\Objects\Headers</Filter>
    </ClInclude>
    <ClInclude Include="stdafx.h">
      <Filter>Scripts\Headers</Filter>
    </ClInclude>
    <ClInclude Include="Common\Library\StandardLib\Components\Gravity.h">
      <Filter>Libs\StandardLib\Components\Headers</Filter>
    </ClInclude>
    <ClInclude Include="Common\Library\StandardLib\Components\BcStaticDraw.h">
      <Filter>Libs\StandardLib\Components\Headers</Filter>
    </ClInclude>
    <ClInclude Include="Common\Library\StandardLib\Components\ShadowMap.h">
      <Filter>Libs\StandardLib\Components\Headers</Filter>
    </ClInclude>
    <ClInclude Include="Common\Library\StandardLib\Objects\StateMachine.h">
      <Filter>Libs\StandardLib\Objects\Headers</Filter>
    </ClInclude>
    <ClInclude Include="GameStage.h">
      <Filter>Scripts\Headers</Filter>
    </ClInclude>
    <ClInclude Include="Character.h">
      <Filter>Scripts\Headers</Filter>
    </ClInclude>
    <ClInclude Include="EnemyFactory.h">
      <Filter>Scripts\Headers</Filter>
    </ClInclude>
    <ClInclude Include="WaveController.h">
      <Filter>Scripts\Headers</Filter>
    </ClInclude>
    <ClInclude Include="Common\Library\StandardLib\Objects\Steering.h">
      <Filter>Libs\StandardLib\Objects\Headers</Filter>
    </ClInclude>
    <ClInclude Include="Common\Library\StandardLib\Objects\BehaviorSteering.h">
      <Filter>Libs\StandardLib\Objects\Headers</Filter>
    </ClInclude>
    <ClInclude Include="resource.h">
      <Filter>Scripts\Headers</Filter>
    </ClInclude>
    <ClInclude Include="Common\Library\BasicLib\DxHelper.h">
      <Filter>Libs\BasicLib\Headers</Filter>
    </ClInclude>
    <ClInclude Include="Common\Library\BasicLib\App.h">
      <Filter>Libs\BasicLib\Headers</Filter>
    </ClInclude>
    <ClInclude Include="Common\Library\BasicLib\TransHelper.h">
      <Filter>Libs\BasicLib\Headers</Filter>
    </ClInclude>
    <ClInclude Include="Common\Library\BasicLib\d3dx12.h">
      <Filter>Libs\BasicLib\Headers</Filter>
    </ClInclude>
    <ClInclude Include="Common\Library\StandardLib\Components\SpStaticDraw.h">
      <Filter>Libs\StandardLib\Components\Headers</Filter>
    </ClInclude>
    <ClInclude Include="IBullet.h">
      <Filter>Scripts\Headers\Bullet</Filter>
    </ClInclude>
    <ClInclude Include="Bullet.h">
      <Filter>Scripts\Headers\Bullet</Filter>
    </ClInclude>
    <ClInclude Include="BulletType.h">
      <Filter>Scripts\Headers\Bullet</Filter>
    </ClInclude>
    <ClInclude Include="BulletPool.h">
      <Filter>Scripts\Headers\Bullet</Filter>
    </ClInclude>
    <ClInclude Include="BulletManager.h">
      <Filter>Scripts\Headers\Bullet</Filter>
    </ClInclude>
    <ClInclude Include="IBulletPool.h">
      <Filter>Scripts\Headers\Bullet</Filter>
    </ClInclude>
    <ClInclude Include="Common\Library\StandardLib\Components\Health.h">
      <Filter>Libs\StandardLib\Components\Headers</Filter>
    </ClInclude>
    <ClInclude Include="Common\Library\StandardLib\Components\DamageDealer.h">
      <Filter>Libs\StandardLib\Components\Headers</Filter>
    </ClInclude>
    <ClInclude Include="DamageInfo.h">
      <Filter>Scripts\Headers</Filter>
    </ClInclude>
    <ClInclude Include="Common\Library\StandardLib\Components\DamageEffect.h">
      <Filter>Libs\StandardLib\Components\Headers</Filter>
    </ClInclude>
    <ClInclude Include="Common\Library\StandardLib\Components\BombAimPreview.h">
      <Filter>Libs\StandardLib\Components\Headers</Filter>
    </ClInclude>
    <ClInclude Include="BombTuning.h">
      <Filter>Scripts\Headers\Bullet</Filter>
    </ClInclude>
    <ClInclude Include="Common\Library\StandardLib\Components\Rigidbody.h">
      <Filter>Libs\StandardLib\Components\Headers</Filter>
    </ClInclude>
    <ClInclude Include="Common\Library\StandardLib\Components\ExplosionEffect.h">
      <Filter>Libs\StandardLib\Components\Headers</Filter>
    </ClInclude>
    <ClInclude Include="UIManager.h">
      <Filter>Scripts\Headers</Filter>
    </ClInclude>
    <ClInclude Include="Common\Library\BasicLib\BaseMaterial.h">
      <Filter>Libs\BasicLib\Headers</Filter>
    </ClInclude>
    <ClInclude Include="Common\Library\StandardLib\Components\BcBoneDraw.h">
      <Filter>Libs\StandardLib\Components\Headers</Filter>
    </ClInclude>
    <ClInclude Include="Common\Library\StandardLib\Objects\AnimationStateBehavior.h">
      <Filter>Libs\StandardLib\Objects\Headers</Filter>
    </ClInclude>
    <ClInclude Include="Common\Library\StandardLib\Objects\AnimState.h">
      <Filter>Libs\StandardLib\Objects\Headers</Filter>
    </ClInclude>
    <ClInclude Include="Common\Library\StandardLib\Components\InstancedStaticDraw.h">
      <Filter>Libs\StandardLib\Components\Headers</Filter>
    </ClInclude>
    <ClInclude Include="Item.h">
      <Filter>Scripts\Headers</Filter>
    </ClInclude>
    <ClInclude Include="ItemFactory.h">
      <Filter>Scripts\Headers</Filter>
    </ClInclude>
  </ItemGroup>
  <ItemGroup>
    <None Include="Common\Library\StandardLib\Shaders\BcINCCommon.hlsli">
      <Filter>Libs\StandardLib\Shaders</Filter>
    </None>
    <None Include="Common\Library\StandardLib\Shaders\BcINCConstant.hlsli">
      <Filter>Libs\StandardLib\Shaders</Filter>
    </None>
    <None Include="Common\Library\StandardLib\Shaders\BcINCLighting.hlsli">
      <Filter>Libs\StandardLib\Shaders</Filter>
    </None>
    <None Include="Common\Library\StandardLib\Shaders\BcINCShadow.hlsli">
      <Filter>Libs\StandardLib\Shaders</Filter>
    </None>
    <None Include="Common\Library\StandardLib\Shaders\BcINCStructs.hlsli">
      <Filter>Libs\StandardLib\Shaders</Filter>
    </None>
    <None Include="Common\Library\StandardLib\Shaders\INCShadowmap.hlsli">
      <Filter>Libs\StandardLib\Shaders</Filter>
    </None>
    <None Include="Common\Library\StandardLib\Shaders\SpINC2dConstant.hlsli">
      <Filter>Libs\StandardLib\Shaders</Filter>
    </None>
    <None Include="Common\Library\StandardLib\Shaders\SpINCConstant.hlsli">
      <Filter>Libs\StandardLib\Shaders</Filter>
    </None>
    <None Include="Common\Library\StandardLib\Shaders\SpINCPixel.hlsli">
      <Filter>Libs\StandardLib\Shaders</Filter>
    </None>
    <None Include="Common\Library\StandardLib\Shaders\SpINCStructs.hlsli">
      <Filter>Libs\StandardLib\Shaders</Filter>
    </None>
    <None Include="Shader\DamageEffect.hlsli">
      <Filter>Shaders</Filter>
    </None>
  </ItemGroup>
  <ItemGroup>
    <FxCompile Include="Common\Library\StandardLib\Shaders\BcPSPNTPL.hlsl">
      <Filter>Libs\StandardLib\Shaders</Filter>
    </FxCompile>
    <FxCompile Include="Common\Library\StandardLib\Shaders\BcPSPNTPLShadow.hlsl">
      <Filter>Libs\StandardLib\Shaders</Filter>
    </FxCompile>
    <FxCompile Include="Common\Library\StandardLib\Shaders\BcVSPNTBonePL.hlsl">
      <Filter>Libs\StandardLib\Shaders</Filter>
    </FxCompile>
    <FxCompile Include="Common\Library\StandardLib\Shaders\BcVSPNTBonePLShadow.hlsl">
      <Filter>Libs\StandardLib\Shaders</Filter>
    </FxCompile>
    <FxCompile Include="Common\Library\StandardLib\Shaders\BcVSPNTStaticPL.hlsl">
      <Filter>Libs\StandardLib\Shaders</Filter>
    </FxCompile>
    <FxCompile Include="Common\Library\StandardLib\Shaders\BcVSPNTStaticPLShadow.hlsl">
      <Filter>Libs\StandardLib\Shaders</Filter>
    </FxCompile>
    <FxCompile Include="Common\Library\StandardLib\Shaders\SpPSPCSprite.hlsl">
      <Filter>Libs\StandardLib\Shaders</Filter>
    </FxCompile>
    <FxCompile Include="Common\Library\StandardLib\Shaders\SpPSPCStatic.hlsl">
      <Filter>Libs\StandardLib\Shaders</Filter>
    </FxCompile>
    <FxCompile Include="Common\Library\StandardLib\Shaders\SpPSPCTSprite.hlsl">
      <Filter>Libs\StandardLib\Shaders</Filter>
    </FxCompile>
    <FxCompile Include="Common\Library\StandardLib\Shaders\SpPSPCTStatic.hlsl">
      <Filter>Libs\StandardLib\Shaders</Filter>
    </FxCompile>
    <FxCompile Include="Common\Library\StandardLib\Shaders\SpPSPNStatic.hlsl">
      <Filter>Libs\StandardLib\Shaders</Filter>
    </FxCompile>
    <FxCompile Include="Common\Library\StandardLib\Shaders\SpPSPNTStatic.hlsl">
      <Filter>Libs\StandardLib\Shaders</Filter>
    </FxCompile>
    <FxCompile Include="Common\Library\StandardLib\Shaders\SpPSPNTStaticShadow.hlsl">
      <Filter>Libs\StandardLib\Shaders</Filter>
    </FxCompile>
    <FxCompile Include="Common\Library\StandardLib\Shaders\SpPSPTSprite.hlsl">
      <Filter>Libs\StandardLib\Shaders</Filter>
    </FxCompile>
    <FxCompile Include="Common\Library\StandardLib\Shaders\SpPSPTStatic.hlsl">
      <Filter>Libs\StandardLib\Shaders</Filter>
    </FxCompile>
    <FxCompile Include="Common\Library\StandardLib\Shaders\SpVSPCSprite.hlsl">
      <Filter>Libs\StandardLib\Shaders</Filter>
    </FxCompile>
    <FxCompile Include="Common\Library\StandardLib\Shaders\SpVSPCStatic.hlsl">
      <Filter>Libs\StandardLib\Shaders</Filter>
    </FxCompile>
    <FxCompile Include="Common\Library\StandardLib\Shaders\SpVSPCTSprite.hlsl">
      <Filter>Libs\StandardLib\Shaders</Filter>
    </FxCompile>
    <FxCompile Include="Common\Library\StandardLib\Shaders\SpVSPCTStatic.hlsl">
      <Filter>Libs\StandardLib\Shaders</Filter>
    </FxCompile>
    <FxCompile Include="Common\Library\StandardLib\Shaders\SpVSPNStatic.hlsl">
      <Filter>Libs\StandardLib\Shaders</Filter>
    </FxCompile>
    <FxCompile Include="Common\Library\StandardLib\Shaders\SpVSPNTStatic.hlsl">
      <Filter>Libs\StandardLib\Shaders</Filter>
    </FxCompile>
    <FxCompile Include="Common\Library\StandardLib\Shaders\SpVSPNTStaticShadow.hlsl">
      <Filter>Libs\StandardLib\Shaders</Filter>
    </FxCompile>
    <FxCompile Include="Common\Library\StandardLib\Shaders\SpVSPTSprite.hlsl">
      <Filter>Libs\StandardLib\Shaders</Filter>
    </FxCompile>
    <FxCompile Include="Common\Library\StandardLib\Shaders\VSShadowmap.hlsl">
      <Filter>Libs\StandardLib\Shaders</Filter>
    </FxCompile>
    <FxCompile Include="Shader\PSDamageEffect.hlsl">
      <Filter>Shaders</Filter>
    </FxCompile>
    <FxCompile Include="Shader\VSDamageEffect.hlsl">
      <Filter>Shaders</Filter>
    </FxCompile>
    <FxCompile Include="Shader\PSCollisionDebug.hlsl">
      <Filter>Libs\StandardLib\Shaders</Filter>
    </FxCompile>
    <FxCompile Include="Shader\VSShadowmapSkinning.hlsl">
      <Filter>Libs\StandardLib\Shaders</Filter>
    </FxCompile>
    <FxCompile Include="Shader\VSDamageEffectSkinning.hlsl">
      <Filter>Shaders</Filter>
    </FxCompile>
    <FxCompile Include="Common\Library\StandardLib\Shaders\InstancedVSPNTStaticPL.hlsl">
      <Filter>Libs\StandardLib\Shaders</Filter>
    </FxCompile>
    <FxCompile Include="Common\Library\StandardLib\Shaders\InstancedVSPNTBonePL.hlsl">
      <Filter>Libs\StandardLib\Shaders</Filter>
    </FxCompile>
    <FxCompile Include="Common\Library\StandardLib\Shaders\InstancedPSPNTPL.hlsl">
      <Filter>Libs\StandardLib\Shaders</Filter>
    </FxCompile>
  </ItemGroup>
  <ItemGroup>
    <ResourceCompile Include="3DShooting.rc" />
  </ItemGroup>
</Project>